
Microsoft Visual Studio Solution File, Format Version 12.00
# Visual Studio Version 16
VisualStudioVersion = 16.0.29020.237
MinimumVisualStudioVersion = 10.0.40219.1
Project("{FAE04EC0-301F-11D3-BF4B-00C04F79EFBC}") = "ConsoleApp1", "ConsoleApp1\ConsoleApp1.csproj", "{1201807F-EDF8-4E08-ABA5-B2CF864F56A7}"
EndProject
Global
	GlobalSection(SolutionConfigurationPlatforms) = preSolution
		Debug|Any CPU = Debug|Any CPU
		Release|Any CPU = Release|Any CPU
	EndGlobalSection
	GlobalSection(ProjectConfigurationPlatforms) = postSolution
		{1201807F-EDF8-4E08-ABA5-B2CF864F56A7}.Debug|Any CPU.ActiveCfg = Debug|Any CPU
		{1201807F-EDF8-4E08-ABA5-B2CF864F56A7}.Debug|Any CPU.Build.0 = Debug|Any CPU
		{1201807F-EDF8-4E08-ABA5-B2CF864F56A7}.Release|Any CPU.ActiveCfg = Release|Any CPU
		{1201807F-EDF8-4E08-ABA5-B2CF864F56A7}.Release|Any CPU.Build.0 = Release|Any CPU
	EndGlobalSection
	GlobalSection(SolutionProperties) = preSolution
		HideSolutionNode = FALSE
	EndGlobalSection
	GlobalSection(ExtensibilityGlobals) = postSolution
		SolutionGuid = {C7BF4162-BFE4-4DC6-9486-90945F4010CF}
	EndGlobalSection
EndGlobal
